{
  "requires": true,
  "lockfileVersion": 1,
  "dependencies": {
    "passport-cookie": {
      "version": "1.0.6",
      "resolved": "https://registry.npmjs.org/passport-cookie/-/passport-cookie-1.0.6.tgz",
      "integrity": "sha512-WgTC2OYk1fGT4nj9U9qD1/nZ155Fmpjrogkfdpv2iEhGP5QZXy7Di/dJhdEo/6xGgUGbAg3y3TtUJrnyJ8w3Ew==",
      "requires": {
        "passport-strategy": "^1.0.0"
      }
    },
    "passport-strategy": {
      "version": "1.0.0",
      "resolved": "https://registry.npmjs.org/passport-strategy/-/passport-strategy-1.0.0.tgz",
      "integrity": "sha1-tVOaqPwiWj0a0XlHbd8ja0QPUuQ="
    }
  }
}
